// !$*UTF8*$!
{
	archiveVersion = 1;
	classes = {
	};
	objectVersion = 50;
	objects = {

/* Begin PBXBuildFile section */
		189F03882241591200F0151B /* AppDelegate.swift in Sources */ = {isa = PBXBuildFile; fileRef = 189F03872241591200F0151B /* AppDelegate.swift */; };
		189F038A2241591200F0151B /* ViewController.swift in Sources */ = {isa = PBXBuildFile; fileRef = 189F03892241591200F0151B /* ViewController.swift */; };
		189F038D2241591200F0151B /* Main.storyboard in Resources */ = {isa = PBXBuildFile; fileRef = 189F038B2241591200F0151B /* Main.storyboard */; };
		189F038F2241591400F0151B /* Assets.xcassets in Resources */ = {isa = PBXBuildFile; fileRef = 189F038E2241591400F0151B /* Assets.xcassets */; };
		189F03922241591400F0151B /* LaunchScreen.storyboard in Resources */ = {isa = PBXBuildFile; fileRef = 189F03902241591400F0151B /* LaunchScreen.storyboard */; };
		189F039D2241591400F0151B /* NYAppTests.swift in Sources */ = {isa = PBXBuildFile; fileRef = 189F039C2241591400F0151B /* NYAppTests.swift */; };
		189F03A82241591400F0151B /* NYAppUITests.swift in Sources */ = {isa = PBXBuildFile; fileRef = 189F03A72241591400F0151B /* NYAppUITests.swift */; };
/* End PBXBuildFile section */

/* Begin PBXContainerItemProxy section */
		189F03992241591400F0151B /* PBXContainerItemProxy */ = {
			isa = PBXContainerItemProxy;
			containerPortal = 189F037C2241591200F0151B /* Project object */;
			proxyType = 1;
			remoteGlobalIDString = 189F03832241591200F0151B;
			remoteInfo = NYApp;
		};
		189F03A42241591400F0151B /* PBXContainerItemProxy */ = {
			isa = PBXContainerItemProxy;
			containerPortal = 189F037C2241591200F0151B /* Project object */;
			proxyType = 1;
			remoteGlobalIDString = 189F03832241591200F0151B;
			remoteInfo = NYApp;
		};
/* End PBXContainerItemProxy section */

/* Begin PBXFileReference section */
		189F03842241591200F0151B /* NYApp.app */ = {isa = PBXFileReference; explicitFileType = wrapper.application; includeInIndex = 0; path = NYApp.app; sourceTree = BUILT_PRODUCTS_DIR; };
		189F03872241591200F0151B /* AppDelegate.swift */ = {isa = PBXFileReference; lastKnownFileType = sourcecode.swift; path = AppDelegate.swift; sourceTree = "<group>"; };
		189F03892241591200F0151B /* ViewController.swift */ = {isa = PBXFileReference; lastKnownFileType = sourcecode.swift; path = ViewController.swift; sourceTree = "<group>"; };
		189F038C2241591200F0151B /* Base */ = {isa = PBXFileReference; lastKnownFileType = file.storyboard; name = Base; path = Base.lproj/Main.storyboard; sourceTree = "<group>"; };
		189F038E2241591400F0151B /* Assets.xcassets */ = {isa = PBXFileReference; lastKnownFileType = folder.assetcatalog; path = Assets.xcassets; sourceTree = "<group>"; };
		189F03912241591400F0151B /* Base */ = {isa = PBXFileReference; lastKnownFileType = file.storyboard; name = Base; path = Base.lproj/LaunchScreen.storyboard; sourceTree = "<group>"; };
		189F03932241591400F0151B /* Info.plist */ = {isa = PBXFileReference; lastKnownFileType = text.plist.xml; path = Info.plist; sourceTree = "<group>"; };
		189F03982241591400F0151B /* NYAppTests.xctest */ = {isa = PBXFileReference; explicitFileType = wrapper.cfbundle; includeInIndex = 0; path = NYAppTests.xctest; sourceTree = BUILT_PRODUCTS_DIR; };
		189F039C2241591400F0151B /* NYAppTests.swift */ = {isa = PBXFileReference; lastKnownFileType = sourcecode.swift; path = NYAppTests.swift; sourceTree = "<group>"; };
		189F039E2241591400F0151B /* Info.plist */ = {isa = PBXFileReference; lastKnownFileType = text.plist.xml; path = Info.plist; sourceTree = "<group>"; };
		189F03A32241591400F0151B /* NYAppUITests.xctest */ = {isa = PBXFileReference; explicitFileType = wrapper.cfbundle; includeInIndex = 0; path = NYAppUITests.xctest; sourceTree = BUILT_PRODUCTS_DIR; };
		189F03A72241591400F0151B /* NYAppUITests.swift */ = {isa = PBXFileReference; lastKnownFileType = sourcecode.swift; path = NYAppUITests.swift; sourceTree = "<group>"; };
		189F03A92241591400F0151B /* Info.plist */ = {isa = PBXFileReference; lastKnownFileType = text.plist.xml; path = Info.plist; sourceTree = "<group>"; };
/* End PBXFileReference section */

/* Begin PBXFrameworksBuildPhase section */
		189F03812241591200F0151B /* Frameworks */ = {
			isa = PBXFrameworksBuildPhase;
			buildActionMask = 2147483647;
			files = (
			);
			runOnlyForDeploymentPostprocessing = 0;
		};
		189F03952241591400F0151B /* Frameworks */ = {
			isa = PBXFrameworksBuildPhase;
			buildActionMask = 2147483647;
			files = (
			);
			runOnlyForDeploymentPostprocessing = 0;
		};
		189F03A02241591400F0151B /* Frameworks */ = {
			isa = PBXFrameworksBuildPhase;
			buildActionMask = 2147483647;
			files = (
			);
			runOnlyForDeploymentPostprocessing = 0;
		};
/* End PBXFrameworksBuildPhase section */

/* Begin PBXGroup section */
		189F037B2241591200F0151B = {
			isa = PBXGroup;
			children = (
				189F03862241591200F0151B /* NYApp */,
				189F039B2241591400F0151B /* NYAppTests */,
				189F03A62241591400F0151B /* NYAppUITests */,
				189F03852241591200F0151B /* Products */,
			);
			sourceTree = "<group>";
		};
		189F03852241591200F0151B /* Products */ = {
			isa = PBXGroup;
			children = (
				189F03842241591200F0151B /* NYApp.app */,
				189F03982241591400F0151B /* NYAppTests.xctest */,
				189F03A32241591400F0151B /* NYAppUITests.xctest */,
			);
			name = Products;
			sourceTree = "<group>";
		};
		189F03862241591200F0151B /* NYApp */ = {
			isa = PBXGroup;
			children = (
				189F03872241591200F0151B /* AppDelegate.swift */,
				189F03892241591200F0151B /* ViewController.swift */,
				189F038B2241591200F0151B /* Main.storyboard */,
				189F038E2241591400F0151B /* Assets.xcassets */,
				189F03902241591400F0151B /* LaunchScreen.storyboard */,
				189F03932241591400F0151B /* Info.plist */,
			);
			path = NYApp;
			sourceTree = "<group>";
		};
		189F039B2241591400F0151B /* NYAppTests */ = {
			isa = PBXGroup;
			children = (
				189F039C2241591400F0151B /* NYAppTests.swift */,
				189F039E2241591400F0151B /* Info.plist */,
			);
			path = NYAppTests;
			sourceTree = "<group>";
		};
		189F03A62241591400F0151B /* NYAppUITests */ = {
			isa = PBXGroup;
			children = (
				189F03A72241591400F0151B /* NYAppUITests.swift */,
				189F03A92241591400F0151B /* Info.plist */,
			);
			path = NYAppUITests;
			sourceTree = "<group>";
		};
/* End PBXGroup section */

/* Begin PBXNativeTarget section */
		189F03832241591200F0151B /* NYApp */ = {
			isa = PBXNativeTarget;
			buildConfigurationList = 189F03AC2241591400F0151B /* Build configuration list for PBXNativeTarget "NYApp" */;
			buildPhases = (
				189F03802241591200F0151B /* Sources */,
				189F03812241591200F0151B /* Frameworks */,
				189F03822241591200F0151B /* Resources */,
			);
			buildRules = (
			);
			dependencies = (
			);
			name = NYApp;
			productName = NYApp;
			productReference = 189F03842241591200F0151B /* NYApp.app */;
			productType = "com.apple.product-type.application";
		};
		189F03972241591400F0151B /* NYAppTests */ = {
			isa = PBXNativeTarget;
			buildConfigurationList = 189F03AF2241591400F0151B /* Build configuration list for PBXNativeTarget "NYAppTests" */;
			buildPhases = (
				189F03942241591400F0151B /* Sources */,
				189F03952241591400F0151B /* Frameworks */,
				189F03962241591400F0151B /* Resources */,
			);
			buildRules = (
			);
			dependencies = (
				189F039A2241591400F0151B /* PBXTargetDependency */,
			);
			name = NYAppTests;
			productName = NYAppTests;
			productReference = 189F03982241591400F0151B /* NYAppTests.xctest */;
			productType = "com.apple.product-type.bundle.unit-test";
		};
		189F03A22241591400F0151B /* NYAppUITests */ = {
			isa = PBXNativeTarget;
			buildConfigurationList = 189F03B22241591400F0151B /* Build configuration list for PBXNativeTarget "NYAppUITests" */;
			buildPhases = (
				189F039F2241591400F0151B /* Sources */,
				189F03A02241591400F0151B /* Frameworks */,
				189F03A12241591400F0151B /* Resources */,
			);
			buildRules = (
			);
			dependencies = (
				189F03A52241591400F0151B /* PBXTargetDependency */,
			);
			name = NYAppUITests;
			productName = NYAppUITests;
			productReference = 189F03A32241591400F0151B /* NYAppUITests.xctest */;
			productType = "com.apple.product-type.bundle.ui-testing";
		};
/* End PBXNativeTarget section */

/* Begin PBXProject section */
		189F037C2241591200F0151B /* Project object */ = {
			isa = PBXProject;
			attributes = {
				LastSwiftUpdateCheck = 1010;
				LastUpgradeCheck = 1010;
				ORGANIZATIONNAME = apple;
				TargetAttributes = {
					189F03832241591200F0151B = {
						CreatedOnToolsVersion = 10.1;
					};
					189F03972241591400F0151B = {
						CreatedOnToolsVersion = 10.1;
						TestTargetID = 189F03832241591200F0151B;
					};
					189F03A22241591400F0151B = {
						CreatedOnToolsVersion = 10.1;
						TestTargetID = 189F03832241591200F0151B;
					};
				};
			};
			buildConfigurationList = 189F037F2241591200F0151B /* Build configuration list for PBXProject "NYApp" */;
			compatibilityVersion = "Xcode 9.3";
			developmentRegion = en;
			hasScannedForEncodings = 0;
			knownRegions = (
				en,
				Base,
			);
			mainGroup = 189F037B2241591200F0151B;
			productRefGroup = 189F03852241591200F0151B /* Products */;
			projectDirPath = "";
			projectRoot = "";
			targets = (
				189F03832241591200F0151B /* NYApp */,
				189F03972241591400F0151B /* NYAppTests */,
				189F03A22241591400F0151B /* NYAppUITests */,
			);
		};
/* End PBXProject section */

/* Begin PBXResourcesBuildPhase section */
		189F03822241591200F0151B /* Resources */ = {
			isa = PBXResourcesBuildPhase;
			buildActionMask = 2147483647;
			files = (
				189F03922241591400F0151B /* LaunchScreen.storyboard in Resources */,
				189F038F2241591400F0151B /* Assets.xcassets in Resources */,
				189F038D2241591200F0151B /* Main.storyboard in Resources */,
			);
			runOnlyForDeploymentPostprocessing = 0;
		};
		189F03962241591400F0151B /* Resources */ = {
			isa = PBXResourcesBuildPhase;
			buildActionMask = 2147483647;
			files = (
			);
			runOnlyForDeploymentPostprocessing = 0;
		};
		189F03A12241591400F0151B /* Resources */ = {
			isa = PBXResourcesBuildPhase;
			buildActionMask = 2147483647;
			files = (
			);
			runOnlyForDeploymentPostprocessing = 0;
		};
/* End PBXResourcesBuildPhase section */

/* Begin PBXSourcesBuildPhase section */
		189F03802241591200F0151B /* Sources */ = {
			isa = PBXSourcesBuildPhase;
			buildActionMask = 2147483647;
			files = (
				189F038A2241591200F0151B /* ViewController.swift in Sources */,
				189F03882241591200F0151B /* AppDelegate.swift in Sources */,
			);
			runOnlyForDeploymentPostprocessing = 0;
		};
		189F03942241591400F0151B /* Sources */ = {
			isa = PBXSourcesBuildPhase;
			buildActionMask = 2147483647;
			files = (
				189F039D2241591400F0151B /* NYAppTests.swift in Sources */,
			);
			runOnlyForDeploymentPostprocessing = 0;
		};
		189F039F2241591400F0151B /* Sources */ = {
			isa = PBXSourcesBuildPhase;
			buildActionMask = 2147483647;
			files = (
				189F03A82241591400F0151B /* NYAppUITests.swift in Sources */,
			);
			runOnlyForDeploymentPostprocessing = 0;
		};
/* End PBXSourcesBuildPhase section */

/* Begin PBXTargetDependency section */
		189F039A2241591400F0151B /* PBXTargetDependency */ = {
			isa = PBXTargetDependency;
			target = 189F03832241591200F0151B /* NYApp */;
			targetProxy = 189F03992241591400F0151B /* PBXContainerItemProxy */;
		};
		189F03A52241591400F0151B /* PBXTargetDependency */ = {
			isa = PBXTargetDependency;
			target = 189F03832241591200F0151B /* NYApp */;
			targetProxy = 189F03A42241591400F0151B /* PBXContainerItemProxy */;
		};
/* End PBXTargetDependency section */

/* Begin PBXVariantGroup section */
		189F038B2241591200F0151B /* Main.storyboard */ = {
			isa = PBXVariantGroup;
			children = (
				189F038C2241591200F0151B /* Base */,
			);
			name = Main.storyboard;
			sourceTree = "<group>";
		};
		189F03902241591400F0151B /* LaunchScreen.storyboard */ = {
			isa = PBXVariantGroup;
			children = (
				189F03912241591400F0151B /* Base */,
			);
			name = LaunchScreen.storyboard;
			sourceTree = "<group>";
		};
/* End PBXVariantGroup section */

/* Begin XCBuildConfiguration section */
		189F03AA2241591400F0151B /* Debug */ = {
			isa = XCBuildConfiguration;
			buildSettings = {
				ALWAYS_SEARCH_USER_PATHS = NO;
				CLANG_ANALYZER_NONNULL = YES;
				CLANG_ANALYZER_NUMBER_OBJECT_CONVERSION = YES_AGGRESSIVE;
				CLANG_CXX_LANGUAGE_STANDARD = "gnu++14";
				CLANG_CXX_LIBRARY = "libc++";
				CLANG_ENABLE_MODULES = YES;
				CLANG_ENABLE_OBJC_ARC = YES;
				CLANG_ENABLE_OBJC_WEAK = YES;
				CLANG_WARN_BLOCK_CAPTURE_AUTORELEASING = YES;
				CLANG_WARN_BOOL_CONVERSION = YES;
				CLANG_WARN_COMMA = YES;
				CLANG_WARN_CONSTANT_CONVERSION = YES;
				CLANG_WARN_DEPRECATED_OBJC_IMPLEMENTATIONS = YES;
				CLANG_WARN_DIRECT_OBJC_ISA_USAGE = YES_ERROR;
				CLANG_WARN_DOCUMENTATION_COMMENTS = YES;
				CLANG_WARN_EMPTY_BODY = YES;
				CLANG_WARN_ENUM_CONVERSION = YES;
				CLANG_WARN_INFINITE_RECURSION = YES;
				CLANG_WARN_INT_CONVERSION = YES;
				CLANG_WARN_NON_LITERAL_NULL_CONVERSION = YES;
				CLANG_WARN_OBJC_IMPLICIT_RETAIN_SELF = YES;
				CLANG_WARN_OBJC_LITERAL_CONVERSION = YES;
				CLANG_WARN_OBJC_ROOT_CLASS = YES_ERROR;
				CLANG_WARN_RANGE_LOOP_ANALYSIS = YES;
				CLANG_WARN_STRICT_PROTOTYPES = YES;
				CLANG_WARN_SUSPICIOUS_MOVE = YES;
				CLANG_WARN_UNGUARDED_AVAILABILITY = YES_AGGRESSIVE;
				CLANG_WARN_UNREACHABLE_CODE = YES;
				CLANG_WARN__DUPLICATE_METHOD_MATCH = YES;
				CODE_SIGN_IDENTITY = "iPhone Developer";
				COPY_PHASE_STRIP = NO;
				DEBUG_INFORMATION_FORMAT = dwarf;
				ENABLE_STRICT_OBJC_MSGSEND = YES;
				ENABLE_TESTABILITY = YES;
				GCC_C_LANGUAGE_STANDARD = gnu11;
				GCC_DYNAMIC_NO_PIC = NO;
				GCC_NO_COMMON_BLOCKS = YES;
				GCC_OPTIMIZATION_LEVEL = 0;
				GCC_PREPROCESSOR_DEFINITIONS = (
					"DEBUG=1",
					"$(inherited)",
				);
				GCC_WARN_64_TO_32_BIT_CONVERSION = YES;
				GCC_WARN_ABOUT_RETURN_TYPE = YES_ERROR;
				GCC_WARN_UNDECLARED_SELECTOR = YES;
				GCC_WARN_UNINITIALIZED_AUTOS = YES_AGGRESSIVE;
				GCC_WARN_UNUSED_FUNCTION = YES;
				GCC_WARN_UNUSED_VARIABLE = YES;
				IPHONEOS_DEPLOYMENT_TARGET = 12.1;
				MTL_ENABLE_DEBUG_INFO = INCLUDE_SOURCE;
				MTL_FAST_MATH = YES;
				ONLY_ACTIVE_ARCH = YES;
				SDKROOT = iphoneos;
				SWIFT_ACTIVE_COMPILATION_CONDITIONS = DEBUG;
				SWIFT_OPTIMIZATION_LEVEL = "-Onone";
			};
			name = Debug;
		};
		189F03AB2241591400F0151B /* Release */ = {
			isa = XCBuildConfiguration;
			buildSettings = {
				ALWAYS_SEARCH_USER_PATHS = NO;
				CLANG_ANALYZER_NONNULL = YES;
				CLANG_ANALYZER_NUMBER_OBJECT_CONVERSION = YES_AGGRESSIVE;
				CLANG_CXX_LANGUAGE_STANDARD = "gnu++14";
				CLANG_CXX_LIBRARY = "libc++";
				CLANG_ENABLE_MODULES = YES;
				CLANG_ENABLE_OBJC_ARC = YES;
				CLANG_ENABLE_OBJC_WEAK = YES;
				CLANG_WARN_BLOCK_CAPTURE_AUTORELEASING = YES;
				CLANG_WARN_BOOL_CONVERSION = YES;
				CLANG_WARN_COMMA = YES;
				CLANG_WARN_CONSTANT_CONVERSION = YES;
				CLANG_WARN_DEPRECATED_OBJC_IMPLEMENTATIONS = YES;
				CLANG_WARN_DIRECT_OBJC_ISA_USAGE = YES_ERROR;
				CLANG_WARN_DOCUMENTATION_COMMENTS = YES;
				CLANG_WARN_EMPTY_BODY = YES;
				CLANG_WARN_ENUM_CONVERSION = YES;
				CLANG_WARN_INFINITE_RECURSION = YES;
				CLANG_WARN_INT_CONVERSION = YES;
				CLANG_WARN_NON_LITERAL_NULL_CONVERSION = YES;
				CLANG_WARN_OBJC_IMPLICIT_RETAIN_SELF = YES;
				CLANG_WARN_OBJC_LITERAL_CONVERSION = YES;
				CLANG_WARN_OBJC_ROOT_CLASS = YES_ERROR;
				CLANG_WARN_RANGE_LOOP_ANALYSIS = YES;
				CLANG_WARN_STRICT_PROTOTYPES = YES;
				CLANG_WARN_SUSPICIOUS_MOVE = YES;
				CLANG_WARN_UNGUARDED_AVAILABILITY = YES_AGGRESSIVE;
				CLANG_WARN_UNREACHABLE_CODE = YES;
				CLANG_WARN__DUPLICATE_METHOD_MATCH = YES;
				CODE_SIGN_IDENTITY = "iPhone Developer";
				COPY_PHASE_STRIP = NO;
				DEBUG_INFORMATION_FORMAT = "dwarf-with-dsym";
				ENABLE_NS_ASSERTIONS = NO;
				ENABLE_STRICT_OBJC_MSGSEND = YES;
				GCC_C_LANGUAGE_STANDARD = gnu11;
				GCC_NO_COMMON_BLOCKS = YES;
				GCC_WARN_64_TO_32_BIT_CONVERSION = YES;
				GCC_WARN_ABOUT_RETURN_TYPE = YES_ERROR;
				GCC_WARN_UNDECLARED_SELECTOR = YES;
				GCC_WARN_UNINITIALIZED_AUTOS = YES_AGGRESSIVE;
				GCC_WARN_UNUSED_FUNCTION = YES;
				GCC_WARN_UNUSED_VARIABLE = YES;
				IPHONEOS_DEPLOYMENT_TARGET = 12.1;
				MTL_ENABLE_DEBUG_INFO = NO;
				MTL_FAST_MATH = YES;
				SDKROOT = iphoneos;
				SWIFT_COMPILATION_MODE = wholemodule;
				SWIFT_OPTIMIZATION_LEVEL = "-O";
				VALIDATE_PRODUCT = YES;
			};
			name = Release;
		};
		189F03AD2241591400F0151B /* Debug */ = {
			isa = XCBuildConfiguration;
			buildSettings = {
				ASSETCATALOG_COMPILER_APPICON_NAME = AppIcon;
				CODE_SIGN_STYLE = Automatic;
				DEVELOPMENT_TEAM = 333KHY4N44;
				INFOPLIST_FILE = NYApp/Info.plist;
				LD_RUNPATH_SEARCH_PATHS = (
					"$(inherited)",
					"@executable_path/Frameworks",
				);
				PRODUCT_BUNDLE_IDENTIFIER = Com.Mnasat.Nashmi.NYApp;
				PRODUCT_NAME = "$(TARGET_NAME)";
				SWIFT_VERSION = 4.2;
				TARGETED_DEVICE_FAMILY = "1,2";
			};
			name = Debug;
		};
		189F03AE2241591400F0151B /* Release */ = {
			isa = XCBuildConfiguration;
			buildSettings = {
				ASSETCATALOG_COMPILER_APPICON_NAME = AppIcon;
				CODE_SIGN_STYLE = Automatic;
				DEVELOPMENT_TEAM = 333KHY4N44;
				INFOPLIST_FILE = NYApp/Info.plist;
				LD_RUNPATH_SEARCH_PATHS = (
					"$(inherited)",
					"@executable_path/Frameworks",
				);
				PRODUCT_BUNDLE_IDENTIFIER = Com.Mnasat.Nashmi.NYApp;
				PRODUCT_NAME = "$(TARGET_NAME)";
				SWIFT_VERSION = 4.2;
				TARGETED_DEVICE_FAMILY = "1,2";
			};
			name = Release;
		};
		189F03B02241591400F0151B /* Debug */ = {
			isa = XCBuildConfiguration;
			buildSettings = {
				ALWAYS_EMBED_SWIFT_STANDARD_LIBRARIES = YES;
				BUNDLE_LOADER = "$(TEST_HOST)";
				CODE_SIGN_STYLE = Automatic;
				DEVELOPMENT_TEAM = 333KHY4N44;
				INFOPLIST_FILE = NYAppTests/Info.plist;
				LD_RUNPATH_SEARCH_PATHS = (
					"$(inherited)",
					"@executable_path/Frameworks",
					"@loader_path/Frameworks",
				);
				PRODUCT_BUNDLE_IDENTIFIER = Com.Mnasat.Nashmi.NYAppTests;
				PRODUCT_NAME = "$(TARGET_NAME)";
				SWIFT_VERSION = 4.2;
				TARGETED_DEVICE_FAMILY = "1,2";
				TEST_HOST = "$(BUILT_PRODUCTS_DIR)/NYApp.app/NYApp";
			};
			name = Debug;
		};
		189F03B12241591400F0151B /* Release */ = {
			isa = XCBuildConfiguration;
			buildSettings = {
				ALWAYS_EMBED_SWIFT_STANDARD_LIBRARIES = YES;
				BUNDLE_LOADER = "$(TEST_HOST)";
				CODE_SIGN_STYLE = Automatic;
				DEVELOPMENT_TEAM = 333KHY4N44;
				INFOPLIST_FILE = NYAppTests/Info.plist;
				LD_RUNPATH_SEARCH_PATHS = (
					"$(inherited)",
					"@executable_path/Frameworks",
					"@loader_path/Frameworks",
				);
				PRODUCT_BUNDLE_IDENTIFIER = Com.Mnasat.Nashmi.NYAppTests;
				PRODUCT_NAME = "$(TARGET_NAME)";
				SWIFT_VERSION = 4.2;
				TARGETED_DEVICE_FAMILY = "1,2";
				TEST_HOST = "$(BUILT_PRODUCTS_DIR)/NYApp.app/NYApp";
			};
			name = Release;
		};
		189F03B32241591400F0151B /* Debug */ = {
			isa = XCBuildConfiguration;
			buildSettings = {
				ALWAYS_EMBED_SWIFT_STANDARD_LIBRARIES = YES;
				CODE_SIGN_STYLE = Automatic;
				DEVELOPMENT_TEAM = 333KHY4N44;
				INFOPLIST_FILE = NYAppUITests/Info.plist;
				LD_RUNPATH_SEARCH_PATHS = (
					"$(inherited)",
					"@executable_path/Frameworks",
					"@loader_path/Frameworks",
				);
				PRODUCT_BUNDLE_IDENTIFIER = Com.Mnasat.Nashmi.NYAppUITests;
				PRODUCT_NAME = "$(TARGET_NAME)";
				SWIFT_VERSION = 4.2;
				TARGETED_DEVICE_FAMILY = "1,2";
				TEST_TARGET_NAME = NYApp;
			};
			name = Debug;
		};
		189F03B42241591400F0151B /* Release */ = {
			isa = XCBuildConfiguration;
			buildSettings = {
				ALWAYS_EMBED_SWIFT_STANDARD_LIBRARIES = YES;
				CODE_SIGN_STYLE = Automatic;
				DEVELOPMENT_TEAM = 333KHY4N44;
				INFOPLIST_FILE = NYAppUITests/Info.plist;
				LD_RUNPATH_SEARCH_PATHS = (
					"$(inherited)",
					"@executable_path/Frameworks",
					"@loader_path/Frameworks",
				);
				PRODUCT_BUNDLE_IDENTIFIER = Com.Mnasat.Nashmi.NYAppUITests;
				PRODUCT_NAME = "$(TARGET_NAME)";
				SWIFT_VERSION = 4.2;
				TARGETED_DEVICE_FAMILY = "1,2";
				TEST_TARGET_NAME = NYApp;
			};
			name = Release;
		};
/* End XCBuildConfiguration section */

/* Begin XCConfigurationList section */
		189F037F2241591200F0151B /* Build configuration list for PBXProject "NYApp" */ = {
			isa = XCConfigurationList;
			buildConfigurations = (
				189F03AA2241591400F0151B /* Debug */,
				189F03AB2241591400F0151B /* Release */,
			);
			defaultConfigurationIsVisible = 0;
			defaultConfigurationName = Release;
		};
		189F03AC2241591400F0151B /* Build configuration list for PBXNativeTarget "NYApp" */ = {
			isa = XCConfigurationList;
			buildConfigurations = (
				189F03AD2241591400F0151B /* Debug */,
				189F03AE2241591400F0151B /* Release */,
			);
			defaultConfigurationIsVisible = 0;
			defaultConfigurationName = Release;
		};
		189F03AF2241591400F0151B /* Build configuration list for PBXNativeTarget "NYAppTests" */ = {
			isa = XCConfigurationList;
			buildConfigurations = (
				189F03B02241591400F0151B /* Debug */,
				189F03B12241591400F0151B /* Release */,
			);
			defaultConfigurationIsVisible = 0;
			defaultConfigurationName = Release;
		};
		189F03B22241591400F0151B /* Build configuration list for PBXNativeTarget "NYAppUITests" */ = {
			isa = XCConfigurationList;
			buildConfigurations = (
				189F03B32241591400F0151B /* Debug */,
				189F03B42241591400F0151B /* Release */,
			);
			defaultConfigurationIsVisible = 0;
			defaultConfigurationName = Release;
		};
/* End XCConfigurationList section */
	};
	rootObject = 189F037C2241591200F0151B /* Project object */;
}
